
Microsoft Visual Studio Solution File, Format Version 12.00
# Visual Studio Version 17
VisualStudioVersion = 17.8.34511.84
MinimumVisualStudioVersion = 10.0.40219.1
Project("{FAE04EC0-301F-11D3-BF4B-00C04F79EFBC}") = "M.Saadiq_Jattiem_PROG_POE_Part 2", "M.Saadiq_Jattiem_PROG_POE_Part 2\M.Saadiq_Jattiem_PROG_POE_Part 2.csproj", "{B50826ED-63F2-41B9-96EB-705A1DA7006D}"
EndProject
Global
	GlobalSection(SolutionConfigurationPlatforms) = preSolution
		Debug|Any CPU = Debug|Any CPU
		Release|Any CPU = Release|Any CPU
	EndGlobalSection
	GlobalSection(ProjectConfigurationPlatforms) = postSolution
		{B50826ED-63F2-41B9-96EB-705A1DA7006D}.Debug|Any CPU.ActiveCfg = Debug|Any CPU
		{B50826ED-63F2-41B9-96EB-705A1DA7006D}.Debug|Any CPU.Build.0 = Debug|Any CPU
		{B50826ED-63F2-41B9-96EB-705A1DA7006D}.Release|Any CPU.ActiveCfg = Release|Any CPU
		{B50826ED-63F2-41B9-96EB-705A1DA7006D}.Release|Any CPU.Build.0 = Release|Any CPU
	EndGlobalSection
	GlobalSection(SolutionProperties) = preSolution
		HideSolutionNode = FALSE
	EndGlobalSection
	GlobalSection(ExtensibilityGlobals) = postSolution
		SolutionGuid = {05F9576F-EA91-4F14-9B41-BB2D0688ED06}
	EndGlobalSection
EndGlobal
